
Microsoft Visual Studio Solution File, Format Version 12.00
# Visual Studio Version 16
VisualStudioVersion = 16.0.30611.23
MinimumVisualStudioVersion = 10.0.40219.1
Project("{9A19103F-16F7-4668-BE54-9A1E7A4F7556}") = "IAIOT_alpha_0_1_1", "IAIOT_alpha_0_1_1\IAIOT_alpha_0_1_1.csproj", "{01F48D94-A39C-42FC-B3BA-9F1B204CD84F}"
EndProject
Project("{FAE04EC0-301F-11D3-BF4B-00C04F79EFBC}") = "Iaiot Studio -1.0.0_Alpha", "Iaiot Studio -1.0.0_Alpha\Iaiot Studio -1.0.0_Alpha.csproj", "{724AB340-1A9A-471D-A7E4-914088E3EEAB}"
EndProject
Global
	GlobalSection(SolutionConfigurationPlatforms) = preSolution
		Debug|Any CPU = Debug|Any CPU
		Release|Any CPU = Release|Any CPU
	EndGlobalSection
	GlobalSection(ProjectConfigurationPlatforms) = postSolution
		{01F48D94-A39C-42FC-B3BA-9F1B204CD84F}.Debug|Any CPU.ActiveCfg = Debug|Any CPU
		{01F48D94-A39C-42FC-B3BA-9F1B204CD84F}.Debug|Any CPU.Build.0 = Debug|Any CPU
		{01F48D94-A39C-42FC-B3BA-9F1B204CD84F}.Release|Any CPU.ActiveCfg = Release|Any CPU
		{01F48D94-A39C-42FC-B3BA-9F1B204CD84F}.Release|Any CPU.Build.0 = Release|Any CPU
		{724AB340-1A9A-471D-A7E4-914088E3EEAB}.Debug|Any CPU.ActiveCfg = Debug|Any CPU
		{724AB340-1A9A-471D-A7E4-914088E3EEAB}.Debug|Any CPU.Build.0 = Debug|Any CPU
		{724AB340-1A9A-471D-A7E4-914088E3EEAB}.Release|Any CPU.ActiveCfg = Release|Any CPU
		{724AB340-1A9A-471D-A7E4-914088E3EEAB}.Release|Any CPU.Build.0 = Release|Any CPU
	EndGlobalSection
	GlobalSection(SolutionProperties) = preSolution
		HideSolutionNode = FALSE
	EndGlobalSection
	GlobalSection(ExtensibilityGlobals) = postSolution
		SolutionGuid = {5BA21DB8-4075-4F12-A455-1675EA105BBD}
	EndGlobalSection
EndGlobal
